
Microsoft Visual Studio Solution File, Format Version 12.00
# Visual Studio 14
VisualStudioVersion = 14.0.23107.0
MinimumVisualStudioVersion = 10.0.40219.1
Project("{FAE04EC0-301F-11D3-BF4B-00C04F79EFBC}") = "pwsd_lab04_a", "pwsd_lab04_a\pwsd_lab04_a.csproj", "{4FDD9F9F-796C-4AE4-8219-7B3C903EB911}"
EndProject
Global
	GlobalSection(SolutionConfigurationPlatforms) = preSolution
		Debug|Any CPU = Debug|Any CPU
		Release|Any CPU = Release|Any CPU
	EndGlobalSection
	GlobalSection(ProjectConfigurationPlatforms) = postSolution
		{4FDD9F9F-796C-4AE4-8219-7B3C903EB911}.Debug|Any CPU.ActiveCfg = Debug|Any CPU
		{4FDD9F9F-796C-4AE4-8219-7B3C903EB911}.Debug|Any CPU.Build.0 = Debug|Any CPU
		{4FDD9F9F-796C-4AE4-8219-7B3C903EB911}.Release|Any CPU.ActiveCfg = Release|Any CPU
		{4FDD9F9F-796C-4AE4-8219-7B3C903EB911}.Release|Any CPU.Build.0 = Release|Any CPU
	EndGlobalSection
	GlobalSection(SolutionProperties) = preSolution
		HideSolutionNode = FALSE
	EndGlobalSection
EndGlobal
